# This file is autogenerated, do not edit; changes may be undone by the next 'dep ensure'.


[[projects]]
  name = "github.com/tanyfx/pkgd"
  packages = ["."]
  revision = "8b873e277074433a8707781986268c8ef148070a"

[solve-meta]
  analyzer-name = "dep"
  analyzer-version = 1
  inputs-digest = "91a9b4128acad6e2eb576331658c461cd8e95bd8eacd13077ec79f57db0c468b"
  solver-name = "gps-cdcl"
  solver-version = 1
