# This file is autogenerated, do not edit; changes may be undone by the next 'dep ensure'.


[[projects]]
  branch = "master"
  name = "github.com/tanyfx/pkgd"
  packages = ["."]
  revision = "8f8e9afdefb519631c134eadb38f058f2e71d0a7"

[solve-meta]
  analyzer-name = "dep"
  analyzer-version = 1
  inputs-digest = "8c3d56daf8b6844f092dd3ddd993f11c70a27da4f80612cc1c4d8f2373935f36"
  solver-name = "gps-cdcl"
  solver-version = 1
