# This file is autogenerated, do not edit; changes may be undone by the next 'dep ensure'.


[[projects]]
  name = "github.com/tanyfx/pkgd"
  packages = ["."]
  revision = "1deaca29a3042a45575467ca5415cf04faefdb9c"
  version = "v1.2.2"

[solve-meta]
  analyzer-name = "dep"
  analyzer-version = 1
  inputs-digest = "67acf45f9aa275279f9c974cd43f48dd358992fb3c748ff929ae53c4848c163b"
  solver-name = "gps-cdcl"
  solver-version = 1
